
Microsoft Visual Studio Solution File, Format Version 12.00
# Visual Studio 15
Project("{FAE04EC0-301F-11D3-BF4B-00C04F79EFBC}") = "Assembly-CSharp", "Assembly-CSharp.csproj", "{FB6130EB-3876-DE2D-D376-0154B60178A3}"
EndProject
Project("{FAE04EC0-301F-11D3-BF4B-00C04F79EFBC}") = "Assembly-CSharp-Editor", "Assembly-CSharp-Editor.csproj", "{E4A2B6DB-D3AE-3BBC-9C42-689FC2EEC616}"
EndProject
Global
	GlobalSection(SolutionConfigurationPlatforms) = preSolution
		Debug|Any CPU = Debug|Any CPU
		Release|Any CPU = Release|Any CPU
	EndGlobalSection
	GlobalSection(ProjectConfigurationPlatforms) = postSolution
		{FB6130EB-3876-DE2D-D376-0154B60178A3}.Debug|Any CPU.ActiveCfg = Debug|Any CPU
		{FB6130EB-3876-DE2D-D376-0154B60178A3}.Debug|Any CPU.Build.0 = Debug|Any CPU
		{FB6130EB-3876-DE2D-D376-0154B60178A3}.Release|Any CPU.ActiveCfg = Release|Any CPU
		{FB6130EB-3876-DE2D-D376-0154B60178A3}.Release|Any CPU.Build.0 = Release|Any CPU
		{E4A2B6DB-D3AE-3BBC-9C42-689FC2EEC616}.Debug|Any CPU.ActiveCfg = Debug|Any CPU
		{E4A2B6DB-D3AE-3BBC-9C42-689FC2EEC616}.Debug|Any CPU.Build.0 = Debug|Any CPU
		{E4A2B6DB-D3AE-3BBC-9C42-689FC2EEC616}.Release|Any CPU.ActiveCfg = Release|Any CPU
		{E4A2B6DB-D3AE-3BBC-9C42-689FC2EEC616}.Release|Any CPU.Build.0 = Release|Any CPU
	EndGlobalSection
	GlobalSection(SolutionProperties) = preSolution
		HideSolutionNode = FALSE
	EndGlobalSection
EndGlobal
